{
  "name": "@opencode-bot/runner",
  "version": "0.1.0",
  "lockfileVersion": 3,
  "requires": true,
  "packages": {
    "": {
      "name": "@opencode-bot/runner",
      "version": "0.1.0",
      "dependencies": {
        "@lydell/node-pty": "1.1.0",
        "@opencode/cli": "2.0.11",
        "@opencode/client": "2.0.11",
        "@playwright/mcp": "0.0.82",
        "playwright": "1.64.0-alpha-1789764292000"
      },
      "engines": {
        "node": ">=24"
      },
      "optionalDependencies": {
        "@opencode/cli-linux-x64": "2.0.11"
      }
    },
    "node_modules/@lydell/node-pty": {
      "version": "1.1.0",
      "resolved": "https://registry.npmjs.org/@lydell/node-pty/-/node-pty-1.1.0.tgz",
      "integrity": "sha512-VDD8LtlMTOrPKWMXUAcB9+LTktzuunqrMwkYR1DMRBkS6LQrCt+0/Ws1o2rMml/n3guePpS7cxhHF7Nm5K4iMw==",
      "license": "MIT",
      "optionalDependencies": {
        "@lydell/node-pty-darwin-arm64": "1.1.0",
        "@lydell/node-pty-darwin-x64": "1.1.0",
        "@lydell/node-pty-linux-arm64": "1.1.0",
        "@lydell/node-pty-linux-x64": "1.1.0",
        "@lydell/node-pty-win32-arm64": "1.1.0",
        "@lydell/node-pty-win32-x64": "1.1.0"
      }
    },
    "node_modules/@lydell/node-pty-darwin-arm64": {
      "version": "1.1.0",
      "resolved": "https://registry.npmjs.org/@lydell/node-pty-darwin-arm64/-/node-pty-darwin-arm64-1.1.0.tgz",
      "integrity": "sha512-7kFD+owAA61qmhJCtoMbqj3Uvff3YHDiU+4on5F2vQdcMI3MuwGi7dM6MkFG/yuzpw8LF2xULpL71tOPUfxs0w==",
      "cpu": [
        "arm64"
      ],
      "license": "MIT",
      "optional": true,
      "os": [
        "darwin"
      ]
    },
    "node_modules/@lydell/node-pty-darwin-x64": {
      "version": "1.1.0",
      "resolved": "https://registry.npmjs.org/@lydell/node-pty-darwin-x64/-/node-pty-darwin-x64-1.1.0.tgz",
      "integrity": "sha512-XZdvqj5FjAMjH8bdp0YfaZjur5DrCIDD1VYiE9EkkYVMDQqRUPHYV3U8BVEQVT9hYfjmpr7dNaELF2KyISWSNA==",
      "cpu": [
        "x64"
      ],
      "license": "MIT",
      "optional": true,
      "os": [
        "darwin"
      ]
    },
    "node_modules/@lydell/node-pty-linux-arm64": {
      "version": "1.1.0",
      "resolved": "https://registry.npmjs.org/@lydell/node-pty-linux-arm64/-/node-pty-linux-arm64-1.1.0.tgz",
      "integrity": "sha512-yyDBmalCfHpLiQMT2zyLcqL2Fay4Xy7rIs8GH4dqKLnEviMvPGOK7LADVkKAsbsyXBSISL3Lt1m1MtxhPH6ckg==",
      "cpu": [
        "arm64"
      ],
      "license": "MIT",
      "optional": true,
      "os": [
        "linux"
      ]
    },
    "node_modules/@lydell/node-pty-linux-x64": {
      "version": "1.1.0",
      "resolved": "https://registry.npmjs.org/@lydell/node-pty-linux-x64/-/node-pty-linux-x64-1.1.0.tgz",
      "integrity": "sha512-NcNqRTD14QT+vXcEuqSSvmWY+0+WUBn2uRE8EN0zKtDpIEr9d+YiFj16Uqds6QfcLCHfZmC+Ls7YzwTaqDnanA==",
      "cpu": [
        "x64"
      ],
      "license": "MIT",
      "optional": true,
      "os": [
        "linux"
      ]
    },
    "node_modules/@lydell/node-pty-win32-arm64": {
      "version": "1.1.0",
      "resolved": "https://registry.npmjs.org/@lydell/node-pty-win32-arm64/-/node-pty-win32-arm64-1.1.0.tgz",
      "integrity": "sha512-JOMbCou+0fA7d/m97faIIfIU0jOv8sn2OR7tI45u3AmldKoKoLP8zHY6SAvDDnI3fccO1R2HeR1doVjpS7HM0w==",
      "cpu": [
        "arm64"
      ],
      "license": "MIT",
      "optional": true,
      "os": [
        "win32"
      ]
    },
    "node_modules/@lydell/node-pty-win32-x64": {
      "version": "1.1.0",
      "resolved": "https://registry.npmjs.org/@lydell/node-pty-win32-x64/-/node-pty-win32-x64-1.1.0.tgz",
      "integrity": "sha512-3N56BZ+WDFnUMYRtsrr7Ky2mhWGl9xXcyqR6cexfuCqcz9RNWL+KoXRv/nZylY5dYaXkft4JaR1uVu+roiZDAw==",
      "cpu": [
        "x64"
      ],
      "license": "MIT",
      "optional": true,
      "os": [
        "win32"
      ]
    },
    "node_modules/@msgpackr-extract/msgpackr-extract-darwin-arm64": {
      "version": "3.0.4",
      "resolved": "https://registry.npmjs.org/@msgpackr-extract/msgpackr-extract-darwin-arm64/-/msgpackr-extract-darwin-arm64-3.0.4.tgz",
      "integrity": "sha512-LCkGo6JDfaBhgST7UpPWgNgLINpcpabaHfyz5OBx75nUYxBsaEPxjnyNjWpeb/xBup/682QnBfRBy2/LvPutZQ==",
      "cpu": [
        "arm64"
      ],
      "license": "MIT",
      "optional": true,
      "os": [
        "darwin"
      ]
    },
    "node_modules/@msgpackr-extract/msgpackr-extract-darwin-x64": {
      "version": "3.0.4",
      "resolved": "https://registry.npmjs.org/@msgpackr-extract/msgpackr-extract-darwin-x64/-/msgpackr-extract-darwin-x64-3.0.4.tgz",
      "integrity": "sha512-zExlW9zUJKZH/tOtVMttwjKa4Xm/3KcNjnE3dPN92uCktwavMxpgCA3MoJK/DOnTWsQgo224OaST27/mPNAf+w==",
      "cpu": [
        "x64"
      ],
      "license": "MIT",
      "optional": true,
      "os": [
        "darwin"
      ]
    },
    "node_modules/@msgpackr-extract/msgpackr-extract-linux-arm": {
      "version": "3.0.4",
      "resolved": "https://registry.npmjs.org/@msgpackr-extract/msgpackr-extract-linux-arm/-/msgpackr-extract-linux-arm-3.0.4.tgz",
      "integrity": "sha512-Tg3yX65f5GbtXLkrYEHE5oibZG9epyYWas7FogTTEJeDEF9JlXJzKgXaNhT3UXlTOeA+AfZpYZYZ0uPj7Cfquw==",
      "cpu": [
        "arm"
      ],
      "license": "MIT",
      "optional": true,
      "os": [
        "linux"
      ]
    },
    "node_modules/@msgpackr-extract/msgpackr-extract-linux-arm64": {
      "version": "3.0.4",
      "resolved": "https://registry.npmjs.org/@msgpackr-extract/msgpackr-extract-linux-arm64/-/msgpackr-extract-linux-arm64-3.0.4.tgz",
      "integrity": "sha512-dgX0P/9wGPJeHFBG+ZmhgE6bmtMt7NP5CRBGyyktpopdk/mW4POnrpQsSLtKI1dwpc+pPLuXHDh6vvskyQE/sw==",
      "cpu": [
        "arm64"
      ],
      "license": "MIT",
      "optional": true,
      "os": [
        "linux"
      ]
    },
    "node_modules/@msgpackr-extract/msgpackr-extract-linux-x64": {
      "version": "3.0.4",
      "resolved": "https://registry.npmjs.org/@msgpackr-extract/msgpackr-extract-linux-x64/-/msgpackr-extract-linux-x64-3.0.4.tgz",
      "integrity": "sha512-8TNXMEjJc3QEy7R/x1INhgiU+XakDAFUzBhaz7+Rbrs8NH5UQeHQxxmzsSBJGyV6I1jW79undiQm8tOI+D+8FQ==",
      "cpu": [
        "x64"
      ],
      "license": "MIT",
      "optional": true,
      "os": [
        "linux"
      ]
    },
    "node_modules/@msgpackr-extract/msgpackr-extract-win32-x64": {
      "version": "3.0.4",
      "resolved": "https://registry.npmjs.org/@msgpackr-extract/msgpackr-extract-win32-x64/-/msgpackr-extract-win32-x64-3.0.4.tgz",
      "integrity": "sha512-CmCXPQrkbwExx3j946/PtHWHbYJiCRBRDl4BlkRQcJB/YOwQxJRTpoo7aTsortjgoJ1x7opzTSxn7C+ASSLVjQ==",
      "cpu": [
        "x64"
      ],
      "license": "MIT",
      "optional": true,
      "os": [
        "win32"
      ]
    },
    "node_modules/@opencode/cli": {
      "version": "2.0.11",
      "resolved": "https://registry.npmjs.org/@opencode/cli/-/cli-2.0.11.tgz",
      "integrity": "sha512-7hnjVw7+zlcjt34hXFQ+aWuLiG20iq/nKq3O9SRwq2Dahch5RNI+Q3mbj5X3db5l1Cn1U6WcvEF2u7kQFo7JLw==",
      "cpu": [
        "arm64",
        "x64"
      ],
      "hasInstallScript": true,
      "license": "MIT",
      "os": [
        "darwin",
        "linux",
        "win32"
      ],
      "bin": {
        "opencode": "bin/opencode.exe",
        "opencode2": "bin/opencode.exe"
      },
      "optionalDependencies": {
        "@opencode/cli-darwin-arm64": "2.0.11",
        "@opencode/cli-darwin-x64": "2.0.11",
        "@opencode/cli-darwin-x64-baseline": "2.0.11",
        "@opencode/cli-linux-arm64": "2.0.11",
        "@opencode/cli-linux-arm64-musl": "2.0.11",
        "@opencode/cli-linux-x64": "2.0.11",
        "@opencode/cli-linux-x64-baseline": "2.0.11",
        "@opencode/cli-linux-x64-baseline-musl": "2.0.11",
        "@opencode/cli-linux-x64-musl": "2.0.11",
        "@opencode/cli-windows-arm64": "2.0.11",
        "@opencode/cli-windows-x64": "2.0.11",
        "@opencode/cli-windows-x64-baseline": "2.0.11"
      }
    },
    "node_modules/@opencode/cli-darwin-arm64": {
      "version": "2.0.11",
      "resolved": "https://registry.npmjs.org/@opencode/cli-darwin-arm64/-/cli-darwin-arm64-2.0.11.tgz",
      "integrity": "sha512-4Kr8oWf4DxRm1viAgo7wivnvNIzB11nfz/B+2tRtXzfYnfF9voVE4qx2Qqgv0OEk7o6y8BKLR/lUuzuX2yE1Ig==",
      "cpu": [
        "arm64"
      ],
      "license": "MIT",
      "optional": true,
      "os": [
        "darwin"
      ]
    },
    "node_modules/@opencode/cli-darwin-x64": {
      "version": "2.0.11",
      "resolved": "https://registry.npmjs.org/@opencode/cli-darwin-x64/-/cli-darwin-x64-2.0.11.tgz",
      "integrity": "sha512-TndBQI6hfxyFWcDcgm+W07e2o2bq+eqwZ0jBsfavcAK61+f6S2lw/lGggHqBOReDx/3E8tStaBk0xEab3RJbRQ==",
      "cpu": [
        "x64"
      ],
      "license": "MIT",
      "optional": true,
      "os": [
        "darwin"
      ]
    },
    "node_modules/@opencode/cli-darwin-x64-baseline": {
      "version": "2.0.11",
      "resolved": "https://registry.npmjs.org/@opencode/cli-darwin-x64-baseline/-/cli-darwin-x64-baseline-2.0.11.tgz",
      "integrity": "sha512-cSLujqPsgUBW1lKxeGld6Iuns+En9PF7hIquSYs/8VLeOQdn/6U1x8N5gHU82+hkoSdzHKxW34Nq/hECzciM5g==",
      "cpu": [
        "x64"
      ],
      "license": "MIT",
      "optional": true,
      "os": [
        "darwin"
      ]
    },
    "node_modules/@opencode/cli-linux-arm64": {
      "version": "2.0.11",
      "resolved": "https://registry.npmjs.org/@opencode/cli-linux-arm64/-/cli-linux-arm64-2.0.11.tgz",
      "integrity": "sha512-2dwuF+X1ONjWy6jvJocevd+GFeMz5e1j7Mz6N38Ao0vwBaAuqrCN7SrmYKn57EUilcPXcIi4xrxG/dP+rR94gA==",
      "cpu": [
        "arm64"
      ],
      "license": "MIT",
      "optional": true,
      "os": [
        "linux"
      ]
    },
    "node_modules/@opencode/cli-linux-arm64-musl": {
      "version": "2.0.11",
      "resolved": "https://registry.npmjs.org/@opencode/cli-linux-arm64-musl/-/cli-linux-arm64-musl-2.0.11.tgz",
      "integrity": "sha512-lgCGFfL+pe4s2iYWfYr8/CtcsudQFOsjzlq2GJzzK4aqOJwLEl7ycqGpQjFJJJzQHmGjrdZql1zF2gWAjdOnWA==",
      "cpu": [
        "arm64"
      ],
      "license": "MIT",
      "optional": true,
      "os": [
        "linux"
      ]
    },
    "node_modules/@opencode/cli-linux-x64": {
      "version": "2.0.11",
      "resolved": "https://registry.npmjs.org/@opencode/cli-linux-x64/-/cli-linux-x64-2.0.11.tgz",
      "integrity": "sha512-L+OgUSSTSu6chQrqL19boZ+xXxOzmETXwoKFXi/Pzpu79MRSuZkfPsunIBrf68qAIkgDaTC8HUXNvLZ80ZBLvQ==",
      "cpu": [
        "x64"
      ],
      "license": "MIT",
      "optional": true,
      "os": [
        "linux"
      ]
    },
    "node_modules/@opencode/cli-linux-x64-baseline": {
      "version": "2.0.11",
      "resolved": "https://registry.npmjs.org/@opencode/cli-linux-x64-baseline/-/cli-linux-x64-baseline-2.0.11.tgz",
      "integrity": "sha512-vx5zwJ6H4xYkTPEqxZbfvhGrVySfwI3+ZzhOl/eMvWc0rvbuOIYNHhkOw7Rok/moymsuar4A72dFl2aDT6UC1w==",
      "cpu": [
        "x64"
      ],
      "license": "MIT",
      "optional": true,
      "os": [
        "linux"
      ]
    },
    "node_modules/@opencode/cli-linux-x64-baseline-musl": {
      "version": "2.0.11",
      "resolved": "https://registry.npmjs.org/@opencode/cli-linux-x64-baseline-musl/-/cli-linux-x64-baseline-musl-2.0.11.tgz",
      "integrity": "sha512-Ph9PwEysDo37YWCYvJ1xWGX1di2D5O4fuDWZtdUNy5N3/zLFnobx+qyd7Ch6wPgwd/DwbrZs63PgVFT9D0Qt5Q==",
      "cpu": [
        "x64"
      ],
      "license": "MIT",
      "optional": true,
      "os": [
        "linux"
      ]
    },
    "node_modules/@opencode/cli-linux-x64-musl": {
      "version": "2.0.11",
      "resolved": "https://registry.npmjs.org/@opencode/cli-linux-x64-musl/-/cli-linux-x64-musl-2.0.11.tgz",
      "integrity": "sha512-ZnvXiwFSnvHFA/j8bDgOYdwaXAIjrfuFncY4gHJk38UwqK0JJvjLztuuqUm1xxfqwnM4Q7EtTfw4mORPn3CtyA==",
      "cpu": [
        "x64"
      ],
      "license": "MIT",
      "optional": true,
      "os": [
        "linux"
      ]
    },
    "node_modules/@opencode/cli-windows-arm64": {
      "version": "2.0.11",
      "resolved": "https://registry.npmjs.org/@opencode/cli-windows-arm64/-/cli-windows-arm64-2.0.11.tgz",
      "integrity": "sha512-rvhyoj2oL1lmCD6A9Z+LbizntABCIpxDkkUFJ/FPS2AAr00JQcn2pdUBN9Es4UPnyBUNHYxHYwXetNsEJCR39g==",
      "cpu": [
        "arm64"
      ],
      "license": "MIT",
      "optional": true,
      "os": [
        "win32"
      ]
    },
    "node_modules/@opencode/cli-windows-x64": {
      "version": "2.0.11",
      "resolved": "https://registry.npmjs.org/@opencode/cli-windows-x64/-/cli-windows-x64-2.0.11.tgz",
      "integrity": "sha512-FX6XuzrqMspeUu33vVqiCypTnYLjNEwAqNCmFXo15e7epA+fvIqTQy6lHc+6aqDOeHWSapZBih3jLTvXu6MwtQ==",
      "cpu": [
        "x64"
      ],
      "license": "MIT",
      "optional": true,
      "os": [
        "win32"
      ]
    },
    "node_modules/@opencode/cli-windows-x64-baseline": {
      "version": "2.0.11",
      "resolved": "https://registry.npmjs.org/@opencode/cli-windows-x64-baseline/-/cli-windows-x64-baseline-2.0.11.tgz",
      "integrity": "sha512-0rElv6sAURebtQH43WM/bfcySFJkroeLGUn8T6vPhZS4u5a1SF4qFwL/fqBAnsTRuHSbTBmRTqZ4uOCuagOe9Q==",
      "cpu": [
        "x64"
      ],
      "license": "MIT",
      "optional": true,
      "os": [
        "win32"
      ]
    },
    "node_modules/@opencode/client": {
      "version": "2.0.11",
      "resolved": "https://registry.npmjs.org/@opencode/client/-/client-2.0.11.tgz",
      "integrity": "sha512-cx9/P1AlUm1wvEAk6Tjt1B7bILzFIw/sUncJRvyVpLkW6oooZBmgkmVi/9isHnr+LPcRkFnkqwmvqhlxlFsLFw==",
      "license": "MIT",
      "dependencies": {
        "@opencode/protocol": "2.0.11",
        "@opencode/schema": "2.0.11"
      },
      "peerDependencies": {
        "effect": "4.0.0-rc.112",
        "solid-js": ">=1.9.0"
      },
      "peerDependenciesMeta": {
        "effect": {
          "optional": true
        },
        "solid-js": {
          "optional": true
        }
      }
    },
    "node_modules/@opencode/protocol": {
      "version": "2.0.11",
      "resolved": "https://registry.npmjs.org/@opencode/protocol/-/protocol-2.0.11.tgz",
      "integrity": "sha512-57lsPuOshTuEZz8SYvTJhgZQXCvvT5MtpQAjPA+dAG3Pxna8xuoijPFJNeZSNH6isi0AGYKfznoD8MRoqVhM8w==",
      "license": "MIT",
      "dependencies": {
        "@opencode/schema": "2.0.11",
        "effect": "4.0.0-rc.112"
      }
    },
    "node_modules/@opencode/schema": {
      "version": "2.0.11",
      "resolved": "https://registry.npmjs.org/@opencode/schema/-/schema-2.0.11.tgz",
      "integrity": "sha512-AlJB2iyXDMuzxlEm2ies6vp1IIjhQxBpT6hJdWvqcuxKwFQMbbmvCpKFZU/j8iN1RW8qkaD0v9h7LwnalVqZGg==",
      "license": "MIT",
      "dependencies": {
        "@standard-schema/spec": "1.1.0",
        "effect": "4.0.0-rc.112"
      }
    },
    "node_modules/@playwright/mcp": {
      "version": "0.0.82",
      "resolved": "https://registry.npmjs.org/@playwright/mcp/-/mcp-0.0.82.tgz",
      "integrity": "sha512-OCqftfb8H4dnqm/njbTBRk3seUvUPttOlJUxCtEzXGETYOlRH5Qt3bbXIjmZIuWAxD9RF+yg1ASrPeXvm0y5cA==",
      "license": "Apache-2.0",
      "dependencies": {
        "playwright": "1.64.0-alpha-1789764292000",
        "playwright-core": "1.64.0-alpha-1789764292000"
      },
      "bin": {
        "playwright-mcp": "cli.js"
      },
      "engines": {
        "node": ">=18"
      }
    },
    "node_modules/@standard-schema/spec": {
      "version": "1.1.0",
      "resolved": "https://registry.npmjs.org/@standard-schema/spec/-/spec-1.1.0.tgz",
      "integrity": "sha512-l2aFy5jALhniG5HgqrD6jXLi/rUWrKvqN/qJx6yoJsgKhblVd+iqqU4RCXavm/jPityDo5TCvKMnpjKnOriy0w==",
      "license": "MIT"
    },
    "node_modules/detect-libc": {
      "version": "2.1.2",
      "resolved": "https://registry.npmjs.org/detect-libc/-/detect-libc-2.1.2.tgz",
      "integrity": "sha512-Btj2BOOO83o3WyH59e8MgXsxEQVcarkUOpEYrubB0urwnN10yQ364rsiByU11nZlqWYZm05i/of7io4mzihBtQ==",
      "license": "Apache-2.0",
      "optional": true,
      "engines": {
        "node": ">=8"
      }
    },
    "node_modules/effect": {
      "version": "4.0.0-rc.112",
      "resolved": "https://registry.npmjs.org/effect/-/effect-4.0.0-rc.112.tgz",
      "integrity": "sha512-wXxwuh1Ywnv4cPRM3Wfa0vDwuOHnZ1TsTgHJkG9XgzND6inhBH9n1vBxhg3iIXOia/OrpmvVmd3lrD4vq6bF3A==",
      "license": "MIT",
      "dependencies": {
        "fast-check": "^4.9.0",
        "msgpackr": "^2.0.5"
      }
    },
    "node_modules/fast-check": {
      "version": "4.10.2",
      "resolved": "https://registry.npmjs.org/fast-check/-/fast-check-4.10.2.tgz",
      "integrity": "sha512-iK2f+YrcmoeGqk6fA0ea2bptcu/itMIm4NfEozq6N25+aG6h7s5HZbB/k1aV7b5w5sFLMCbbtRUsTVR+BgC3xw==",
      "funding": [
        {
          "type": "individual",
          "url": "https://github.com/sponsors/dubzzz"
        },
        {
          "type": "opencollective",
          "url": "https://opencollective.com/fast-check"
        }
      ],
      "license": "MIT",
      "dependencies": {
        "pure-rand": "^8.0.0"
      },
      "engines": {
        "node": ">=12.17.0"
      }
    },
    "node_modules/msgpackr": {
      "version": "2.1.0",
      "resolved": "https://registry.npmjs.org/msgpackr/-/msgpackr-2.1.0.tgz",
      "integrity": "sha512-p/pBCVO63CsvvpkomUnNNag6+n38rULuDA6HHe70o2gtC8ODI52foF/4ko2qQcp6OiErJXTmrZeXmsGGHsIQNQ==",
      "license": "MIT",
      "optionalDependencies": {
        "msgpackr-extract": "^3.0.4"
      }
    },
    "node_modules/msgpackr-extract": {
      "version": "3.0.4",
      "resolved": "https://registry.npmjs.org/msgpackr-extract/-/msgpackr-extract-3.0.4.tgz",
      "integrity": "sha512-4kmO/MdyUIkLIvTPr8VHLil4AtoKIoniWPIEk5+CDy0xnWC84azhSFmuJ7PxZdsYtiP5kEeQsORAVIeMgxT+Hw==",
      "hasInstallScript": true,
      "license": "MIT",
      "optional": true,
      "dependencies": {
        "node-gyp-build-optional-packages": "5.2.2"
      },
      "bin": {
        "download-msgpackr-prebuilds": "bin/download-prebuilds.js"
      },
      "optionalDependencies": {
        "@msgpackr-extract/msgpackr-extract-darwin-arm64": "3.0.4",
        "@msgpackr-extract/msgpackr-extract-darwin-x64": "3.0.4",
        "@msgpackr-extract/msgpackr-extract-linux-arm": "3.0.4",
        "@msgpackr-extract/msgpackr-extract-linux-arm64": "3.0.4",
        "@msgpackr-extract/msgpackr-extract-linux-x64": "3.0.4",
        "@msgpackr-extract/msgpackr-extract-win32-x64": "3.0.4"
      }
    },
    "node_modules/node-gyp-build-optional-packages": {
      "version": "5.2.2",
      "resolved": "https://registry.npmjs.org/node-gyp-build-optional-packages/-/node-gyp-build-optional-packages-5.2.2.tgz",
      "integrity": "sha512-s+w+rBWnpTMwSFbaE0UXsRlg7hU4FjekKU4eyAih5T8nJuNZT1nNsskXpxmeqSK9UzkBl6UgRlnKc8hz8IEqOw==",
      "license": "MIT",
      "optional": true,
      "dependencies": {
        "detect-libc": "^2.0.1"
      },
      "bin": {
        "node-gyp-build-optional-packages": "bin.js",
        "node-gyp-build-optional-packages-optional": "optional.js",
        "node-gyp-build-optional-packages-test": "build-test.js"
      }
    },
    "node_modules/playwright": {
      "version": "1.64.0-alpha-1789764292000",
      "resolved": "https://registry.npmjs.org/playwright/-/playwright-1.64.0-alpha-1789764292000.tgz",
      "integrity": "sha512-3Ngs4ERGdC912uW3srEDtNVey4u1wSaQ/EFcKhxMpz0by0K6nidaJgM087pLpJc1osytiVnL7ack5gvgPArPNw==",
      "license": "Apache-2.0",
      "dependencies": {
        "playwright-core": "1.64.0-alpha-1789764292000"
      },
      "bin": {
        "playwright": "cli.js"
      },
      "engines": {
        "node": ">=20"
      }
    },
    "node_modules/playwright-core": {
      "version": "1.64.0-alpha-1789764292000",
      "resolved": "https://registry.npmjs.org/playwright-core/-/playwright-core-1.64.0-alpha-1789764292000.tgz",
      "integrity": "sha512-ZgRaybFv4rRy7QMGnYprEGFdNJnvapNqcaER2w96bDQA+40BWIle1el1Yh9KHD3E6XYmieMB+r+UxFTCauTGGQ==",
      "license": "Apache-2.0",
      "bin": {
        "playwright-core": "cli.js"
      },
      "engines": {
        "node": ">=20"
      }
    },
    "node_modules/pure-rand": {
      "version": "8.4.2",
      "resolved": "https://registry.npmjs.org/pure-rand/-/pure-rand-8.4.2.tgz",
      "integrity": "sha512-vvuOGgcuPJAirlHvuQw1TrOiw7ptaIXXmIbNuiNOY6lNGJJH49PQ1Kj4nd783nPdQhQdicgOjVI2yI/9BD6/Ng==",
      "funding": [
        {
          "type": "individual",
          "url": "https://github.com/sponsors/dubzzz"
        },
        {
          "type": "opencollective",
          "url": "https://opencollective.com/fast-check"
        }
      ],
      "license": "MIT"
    }
  }
}
